
Microsoft Visual Studio Solution File, Format Version 12.00
# Visual Studio Version 16
VisualStudioVersion = 16.0.31025.194
MinimumVisualStudioVersion = 10.0.40219.1
Project("{FAE04EC0-301F-11D3-BF4B-00C04F79EFBC}") = "asp-net-inlamning", "asp-net-inlamning\asp-net-inlamning.csproj", "{AE190B29-03B0-475A-8762-D5C0904F1D59}"
EndProject
Global
	GlobalSection(SolutionConfigurationPlatforms) = preSolution
		Debug|Any CPU = Debug|Any CPU
		Release|Any CPU = Release|Any CPU
	EndGlobalSection
	GlobalSection(ProjectConfigurationPlatforms) = postSolution
		{AE190B29-03B0-475A-8762-D5C0904F1D59}.Debug|Any CPU.ActiveCfg = Debug|Any CPU
		{AE190B29-03B0-475A-8762-D5C0904F1D59}.Debug|Any CPU.Build.0 = Debug|Any CPU
		{AE190B29-03B0-475A-8762-D5C0904F1D59}.Release|Any CPU.ActiveCfg = Release|Any CPU
		{AE190B29-03B0-475A-8762-D5C0904F1D59}.Release|Any CPU.Build.0 = Release|Any CPU
	EndGlobalSection
	GlobalSection(SolutionProperties) = preSolution
		HideSolutionNode = FALSE
	EndGlobalSection
	GlobalSection(ExtensibilityGlobals) = postSolution
		SolutionGuid = {40C04365-0D1C-4943-89D0-92CD9CD8E275}
	EndGlobalSection
EndGlobal
